
Microsoft Visual Studio Solution File, Format Version 12.00
# Visual Studio Version 16
VisualStudioVersion = 16.0.30804.86
MinimumVisualStudioVersion = 10.0.40219.1
Project("{FAE04EC0-301F-11D3-BF4B-00C04F79EFBC}") = "Mars-Rover", "Mars-Rover.csproj", "{5B469287-5436-479F-82ED-130596E99035}"
EndProject
Global
	GlobalSection(SolutionConfigurationPlatforms) = preSolution
		Debug|Any CPU = Debug|Any CPU
		Release|Any CPU = Release|Any CPU
	EndGlobalSection
	GlobalSection(ProjectConfigurationPlatforms) = postSolution
		{5B469287-5436-479F-82ED-130596E99035}.Debug|Any CPU.ActiveCfg = Debug|Any CPU
		{5B469287-5436-479F-82ED-130596E99035}.Debug|Any CPU.Build.0 = Debug|Any CPU
		{5B469287-5436-479F-82ED-130596E99035}.Release|Any CPU.ActiveCfg = Release|Any CPU
		{5B469287-5436-479F-82ED-130596E99035}.Release|Any CPU.Build.0 = Release|Any CPU
	EndGlobalSection
	GlobalSection(SolutionProperties) = preSolution
		HideSolutionNode = FALSE
	EndGlobalSection
	GlobalSection(ExtensibilityGlobals) = postSolution
		SolutionGuid = {E99C39C4-8E3A-4CB0-9328-EF933C451450}
	EndGlobalSection
EndGlobal
